// !$*UTF8*$!
{
	archiveVersion = 1;
	classes = {
	};
	objectVersion = 51;
	objects = {

/* Begin PBXBuildFile section */
		338E93A0D1BC9A02720C92A6 /* Pods_lindr.framework in Frameworks */ = {isa = PBXBuildFile; fileRef = A23EF6D4865448C72381934B /* Pods_lindr.framework */; };
		C7091D26269011CB006CEC8C /* ProfileView.swift in Sources */ = {isa = PBXBuildFile; fileRef = C7091D25269011CB006CEC8C /* ProfileView.swift */; };
		C7091D2A269012B1006CEC8C /* ProfileViewModel.swift in Sources */ = {isa = PBXBuildFile; fileRef = C7091D29269012B1006CEC8C /* ProfileViewModel.swift */; };
		C7091D35269018C8006CEC8C /* ProfileViewModelFactory.swift in Sources */ = {isa = PBXBuildFile; fileRef = C7091D34269018C8006CEC8C /* ProfileViewModelFactory.swift */; };
		C7091D4226903B5B006CEC8C /* RoundedButton.swift in Sources */ = {isa = PBXBuildFile; fileRef = C7091D4126903B5B006CEC8C /* RoundedButton.swift */; };
		C79159AA26900D7800F06506 /* AppDelegate.swift in Sources */ = {isa = PBXBuildFile; fileRef = C79159A926900D7800F06506 /* AppDelegate.swift */; };
		C79159AE26900D7800F06506 /* SwipingViewController.swift in Sources */ = {isa = PBXBuildFile; fileRef = C79159AD26900D7800F06506 /* SwipingViewController.swift */; };
		C79159B326900D7900F06506 /* Assets.xcassets in Resources */ = {isa = PBXBuildFile; fileRef = C79159B226900D7900F06506 /* Assets.xcassets */; };
		C79159B626900D7900F06506 /* LaunchScreen.storyboard in Resources */ = {isa = PBXBuildFile; fileRef = C79159B426900D7900F06506 /* LaunchScreen.storyboard */; };
		C79159CB2690102400F06506 /* LindrNavigationController.swift in Sources */ = {isa = PBXBuildFile; fileRef = C79159CA2690102400F06506 /* LindrNavigationController.swift */; };
		C79159CE2690107C00F06506 /* SwipingViewModel.swift in Sources */ = {isa = PBXBuildFile; fileRef = C79159CD2690107C00F06506 /* SwipingViewModel.swift */; };
/* End PBXBuildFile section */

/* Begin PBXFileReference section */
		8CE96F4D6B10F5F2E9440C6C /* Pods-lindr.release.xcconfig */ = {isa = PBXFileReference; includeInIndex = 1; lastKnownFileType = text.xcconfig; name = "Pods-lindr.release.xcconfig"; path = "Target Support Files/Pods-lindr/Pods-lindr.release.xcconfig"; sourceTree = "<group>"; };
		A23EF6D4865448C72381934B /* Pods_lindr.framework */ = {isa = PBXFileReference; explicitFileType = wrapper.framework; includeInIndex = 0; path = Pods_lindr.framework; sourceTree = BUILT_PRODUCTS_DIR; };
		C7091D25269011CB006CEC8C /* ProfileView.swift */ = {isa = PBXFileReference; lastKnownFileType = sourcecode.swift; path = ProfileView.swift; sourceTree = "<group>"; };
		C7091D29269012B1006CEC8C /* ProfileViewModel.swift */ = {isa = PBXFileReference; lastKnownFileType = sourcecode.swift; path = ProfileViewModel.swift; sourceTree = "<group>"; };
		C7091D34269018C8006CEC8C /* ProfileViewModelFactory.swift */ = {isa = PBXFileReference; lastKnownFileType = sourcecode.swift; path = ProfileViewModelFactory.swift; sourceTree = "<group>"; };
		C7091D4126903B5B006CEC8C /* RoundedButton.swift */ = {isa = PBXFileReference; lastKnownFileType = sourcecode.swift; path = RoundedButton.swift; sourceTree = "<group>"; };
		C79159A626900D7800F06506 /* lindr.app */ = {isa = PBXFileReference; explicitFileType = wrapper.application; includeInIndex = 0; path = lindr.app; sourceTree = BUILT_PRODUCTS_DIR; };
		C79159A926900D7800F06506 /* AppDelegate.swift */ = {isa = PBXFileReference; lastKnownFileType = sourcecode.swift; path = AppDelegate.swift; sourceTree = "<group>"; };
		C79159AD26900D7800F06506 /* SwipingViewController.swift */ = {isa = PBXFileReference; lastKnownFileType = sourcecode.swift; path = SwipingViewController.swift; sourceTree = "<group>"; };
		C79159B226900D7900F06506 /* Assets.xcassets */ = {isa = PBXFileReference; lastKnownFileType = folder.assetcatalog; path = Assets.xcassets; sourceTree = "<group>"; };
		C79159B526900D7900F06506 /* Base */ = {isa = PBXFileReference; lastKnownFileType = file.storyboard; name = Base; path = Base.lproj/LaunchScreen.storyboard; sourceTree = "<group>"; };
		C79159B726900D7900F06506 /* Info.plist */ = {isa = PBXFileReference; lastKnownFileType = text.plist.xml; path = Info.plist; sourceTree = "<group>"; };
		C79159CA2690102400F06506 /* LindrNavigationController.swift */ = {isa = PBXFileReference; lastKnownFileType = sourcecode.swift; path = LindrNavigationController.swift; sourceTree = "<group>"; };
		C79159CD2690107C00F06506 /* SwipingViewModel.swift */ = {isa = PBXFileReference; lastKnownFileType = sourcecode.swift; path = SwipingViewModel.swift; sourceTree = "<group>"; };
		F5E9B6A30A88D982E1123BC4 /* Pods-lindr.debug.xcconfig */ = {isa = PBXFileReference; includeInIndex = 1; lastKnownFileType = text.xcconfig; name = "Pods-lindr.debug.xcconfig"; path = "Target Support Files/Pods-lindr/Pods-lindr.debug.xcconfig"; sourceTree = "<group>"; };
/* End PBXFileReference section */

/* Begin PBXFrameworksBuildPhase section */
		C79159A326900D7800F06506 /* Frameworks */ = {
			isa = PBXFrameworksBuildPhase;
			buildActionMask = 2147483647;
			files = (
				338E93A0D1BC9A02720C92A6 /* Pods_lindr.framework in Frameworks */,
			);
			runOnlyForDeploymentPostprocessing = 0;
		};
/* End PBXFrameworksBuildPhase section */

/* Begin PBXGroup section */
		8DF8D3CF50B4AA98C44CC7F7 /* Frameworks */ = {
			isa = PBXGroup;
			children = (
				A23EF6D4865448C72381934B /* Pods_lindr.framework */,
			);
			name = Frameworks;
			sourceTree = "<group>";
		};
		C0311E4CB42E102A5E9CE489 /* Pods */ = {
			isa = PBXGroup;
			children = (
				F5E9B6A30A88D982E1123BC4 /* Pods-lindr.debug.xcconfig */,
				8CE96F4D6B10F5F2E9440C6C /* Pods-lindr.release.xcconfig */,
			);
			path = Pods;
			sourceTree = "<group>";
		};
		C7091D23269011AB006CEC8C /* Views */ = {
			isa = PBXGroup;
			children = (
				C79159AD26900D7800F06506 /* SwipingViewController.swift */,
				C7091D25269011CB006CEC8C /* ProfileView.swift */,
			);
			path = Views;
			sourceTree = "<group>";
		};
		C7091D24269011B5006CEC8C /* Swiping */ = {
			isa = PBXGroup;
			children = (
				C7091D33269018B5006CEC8C /* Model */,
				C7091D28269012A5006CEC8C /* ViewModels */,
				C7091D23269011AB006CEC8C /* Views */,
			);
			path = Swiping;
			sourceTree = "<group>";
		};
		C7091D28269012A5006CEC8C /* ViewModels */ = {
			isa = PBXGroup;
			children = (
				C79159CD2690107C00F06506 /* SwipingViewModel.swift */,
				C7091D29269012B1006CEC8C /* ProfileViewModel.swift */,
				C7091D34269018C8006CEC8C /* ProfileViewModelFactory.swift */,
			);
			path = ViewModels;
			sourceTree = "<group>";
		};
		C7091D33269018B5006CEC8C /* Model */ = {
			isa = PBXGroup;
			children = (
			);
			path = Model;
			sourceTree = "<group>";
		};
		C7091D3F26903B4A006CEC8C /* Generic */ = {
			isa = PBXGroup;
			children = (
				C7091D4026903B4E006CEC8C /* Views */,
			);
			path = Generic;
			sourceTree = "<group>";
		};
		C7091D4026903B4E006CEC8C /* Views */ = {
			isa = PBXGroup;
			children = (
				C7091D4126903B5B006CEC8C /* RoundedButton.swift */,
			);
			path = Views;
			sourceTree = "<group>";
		};
		C791599D26900D7800F06506 = {
			isa = PBXGroup;
			children = (
				C79159A826900D7800F06506 /* lindr */,
				C79159A726900D7800F06506 /* Products */,
				C0311E4CB42E102A5E9CE489 /* Pods */,
				8DF8D3CF50B4AA98C44CC7F7 /* Frameworks */,
			);
			sourceTree = "<group>";
		};
		C79159A726900D7800F06506 /* Products */ = {
			isa = PBXGroup;
			children = (
				C79159A626900D7800F06506 /* lindr.app */,
			);
			name = Products;
			sourceTree = "<group>";
		};
		C79159A826900D7800F06506 /* lindr */ = {
			isa = PBXGroup;
			children = (
				C7091D3F26903B4A006CEC8C /* Generic */,
				C7091D24269011B5006CEC8C /* Swiping */,
				C79159BF26900DCB00F06506 /* App */,
				C79159CA2690102400F06506 /* LindrNavigationController.swift */,
			);
			path = lindr;
			sourceTree = "<group>";
		};
		C79159BF26900DCB00F06506 /* App */ = {
			isa = PBXGroup;
			children = (
				C79159B726900D7900F06506 /* Info.plist */,
				C79159B426900D7900F06506 /* LaunchScreen.storyboard */,
				C79159B226900D7900F06506 /* Assets.xcassets */,
				C79159A926900D7800F06506 /* AppDelegate.swift */,
			);
			path = App;
			sourceTree = "<group>";
		};
/* End PBXGroup section */

/* Begin PBXNativeTarget section */
		C79159A526900D7800F06506 /* lindr */ = {
			isa = PBXNativeTarget;
			buildConfigurationList = C79159BA26900D7900F06506 /* Build configuration list for PBXNativeTarget "lindr" */;
			buildPhases = (
				D313794ACE4826C0D78C9EBD /* [CP] Check Pods Manifest.lock */,
				C79159A226900D7800F06506 /* Sources */,
				C79159A326900D7800F06506 /* Frameworks */,
				C79159A426900D7800F06506 /* Resources */,
				5C718D6CADF6F438621DD4AF /* [CP] Embed Pods Frameworks */,
			);
			buildRules = (
			);
			dependencies = (
			);
			name = lindr;
			productName = lindr;
			productReference = C79159A626900D7800F06506 /* lindr.app */;
			productType = "com.apple.product-type.application";
		};
/* End PBXNativeTarget section */

/* Begin PBXProject section */
		C791599E26900D7800F06506 /* Project object */ = {
			isa = PBXProject;
			attributes = {
				LastSwiftUpdateCheck = 1240;
				LastUpgradeCheck = 1240;
				TargetAttributes = {
					C79159A526900D7800F06506 = {
						CreatedOnToolsVersion = 12.4;
					};
				};
			};
			buildConfigurationList = C79159A126900D7800F06506 /* Build configuration list for PBXProject "lindr" */;
			compatibilityVersion = "Xcode 9.3";
			developmentRegion = en;
			hasScannedForEncodings = 0;
			knownRegions = (
				en,
				Base,
			);
			mainGroup = C791599D26900D7800F06506;
			productRefGroup = C79159A726900D7800F06506 /* Products */;
			projectDirPath = "";
			projectRoot = "";
			targets = (
				C79159A526900D7800F06506 /* lindr */,
			);
		};
/* End PBXProject section */

/* Begin PBXResourcesBuildPhase section */
		C79159A426900D7800F06506 /* Resources */ = {
			isa = PBXResourcesBuildPhase;
			buildActionMask = 2147483647;
			files = (
				C79159B626900D7900F06506 /* LaunchScreen.storyboard in Resources */,
				C79159B326900D7900F06506 /* Assets.xcassets in Resources */,
			);
			runOnlyForDeploymentPostprocessing = 0;
		};
/* End PBXResourcesBuildPhase section */

/* Begin PBXShellScriptBuildPhase section */
		5C718D6CADF6F438621DD4AF /* [CP] Embed Pods Frameworks */ = {
			isa = PBXShellScriptBuildPhase;
			buildActionMask = 2147483647;
			files = (
			);
			inputFileListPaths = (
				"${PODS_ROOT}/Target Support Files/Pods-lindr/Pods-lindr-frameworks-${CONFIGURATION}-input-files.xcfilelist",
			);
			name = "[CP] Embed Pods Frameworks";
			outputFileListPaths = (
				"${PODS_ROOT}/Target Support Files/Pods-lindr/Pods-lindr-frameworks-${CONFIGURATION}-output-files.xcfilelist",
			);
			runOnlyForDeploymentPostprocessing = 0;
			shellPath = /bin/sh;
			shellScript = "\"${PODS_ROOT}/Target Support Files/Pods-lindr/Pods-lindr-frameworks.sh\"\n";
			showEnvVarsInLog = 0;
		};
		D313794ACE4826C0D78C9EBD /* [CP] Check Pods Manifest.lock */ = {
			isa = PBXShellScriptBuildPhase;
			buildActionMask = 2147483647;
			files = (
			);
			inputFileListPaths = (
			);
			inputPaths = (
				"${PODS_PODFILE_DIR_PATH}/Podfile.lock",
				"${PODS_ROOT}/Manifest.lock",
			);
			name = "[CP] Check Pods Manifest.lock";
			outputFileListPaths = (
			);
			outputPaths = (
				"$(DERIVED_FILE_DIR)/Pods-lindr-checkManifestLockResult.txt",
			);
			runOnlyForDeploymentPostprocessing = 0;
			shellPath = /bin/sh;
			shellScript = "diff \"${PODS_PODFILE_DIR_PATH}/Podfile.lock\" \"${PODS_ROOT}/Manifest.lock\" > /dev/null\nif [ $? != 0 ] ; then\n    # print error to STDERR\n    echo \"error: The sandbox is not in sync with the Podfile.lock. Run 'pod install' or update your CocoaPods installation.\" >&2\n    exit 1\nfi\n# This output is used by Xcode 'outputs' to avoid re-running this script phase.\necho \"SUCCESS\" > \"${SCRIPT_OUTPUT_FILE_0}\"\n";
			showEnvVarsInLog = 0;
		};
/* End PBXShellScriptBuildPhase section */

/* Begin PBXSourcesBuildPhase section */
		C79159A226900D7800F06506 /* Sources */ = {
			isa = PBXSourcesBuildPhase;
			buildActionMask = 2147483647;
			files = (
				C7091D2A269012B1006CEC8C /* ProfileViewModel.swift in Sources */,
				C79159AE26900D7800F06506 /* SwipingViewController.swift in Sources */,
				C79159AA26900D7800F06506 /* AppDelegate.swift in Sources */,
				C7091D4226903B5B006CEC8C /* RoundedButton.swift in Sources */,
				C7091D26269011CB006CEC8C /* ProfileView.swift in Sources */,
				C79159CE2690107C00F06506 /* SwipingViewModel.swift in Sources */,
				C79159CB2690102400F06506 /* LindrNavigationController.swift in Sources */,
				C7091D35269018C8006CEC8C /* ProfileViewModelFactory.swift in Sources */,
			);
			runOnlyForDeploymentPostprocessing = 0;
		};
/* End PBXSourcesBuildPhase section */

/* Begin PBXVariantGroup section */
		C79159B426900D7900F06506 /* LaunchScreen.storyboard */ = {
			isa = PBXVariantGroup;
			children = (
				C79159B526900D7900F06506 /* Base */,
			);
			name = LaunchScreen.storyboard;
			sourceTree = "<group>";
		};
/* End PBXVariantGroup section */

/* Begin XCBuildConfiguration section */
		C79159B826900D7900F06506 /* Debug */ = {
			isa = XCBuildConfiguration;
			buildSettings = {
				ALWAYS_SEARCH_USER_PATHS = NO;
				CLANG_ANALYZER_NONNULL = YES;
				CLANG_ANALYZER_NUMBER_OBJECT_CONVERSION = YES_AGGRESSIVE;
				CLANG_CXX_LANGUAGE_STANDARD = "gnu++14";
				CLANG_CXX_LIBRARY = "libc++";
				CLANG_ENABLE_MODULES = YES;
				CLANG_ENABLE_OBJC_ARC = YES;
				CLANG_ENABLE_OBJC_WEAK = YES;
				CLANG_WARN_BLOCK_CAPTURE_AUTORELEASING = YES;
				CLANG_WARN_BOOL_CONVERSION = YES;
				CLANG_WARN_COMMA = YES;
				CLANG_WARN_CONSTANT_CONVERSION = YES;
				CLANG_WARN_DEPRECATED_OBJC_IMPLEMENTATIONS = YES;
				CLANG_WARN_DIRECT_OBJC_ISA_USAGE = YES_ERROR;
				CLANG_WARN_DOCUMENTATION_COMMENTS = YES;
				CLANG_WARN_EMPTY_BODY = YES;
				CLANG_WARN_ENUM_CONVERSION = YES;
				CLANG_WARN_INFINITE_RECURSION = YES;
				CLANG_WARN_INT_CONVERSION = YES;
				CLANG_WARN_NON_LITERAL_NULL_CONVERSION = YES;
				CLANG_WARN_OBJC_IMPLICIT_RETAIN_SELF = YES;
				CLANG_WARN_OBJC_LITERAL_CONVERSION = YES;
				CLANG_WARN_OBJC_ROOT_CLASS = YES_ERROR;
				CLANG_WARN_QUOTED_INCLUDE_IN_FRAMEWORK_HEADER = YES;
				CLANG_WARN_RANGE_LOOP_ANALYSIS = YES;
				CLANG_WARN_STRICT_PROTOTYPES = YES;
				CLANG_WARN_SUSPICIOUS_MOVE = YES;
				CLANG_WARN_UNGUARDED_AVAILABILITY = YES_AGGRESSIVE;
				CLANG_WARN_UNREACHABLE_CODE = YES;
				CLANG_WARN__DUPLICATE_METHOD_MATCH = YES;
				COPY_PHASE_STRIP = NO;
				DEBUG_INFORMATION_FORMAT = dwarf;
				ENABLE_STRICT_OBJC_MSGSEND = YES;
				ENABLE_TESTABILITY = YES;
				GCC_C_LANGUAGE_STANDARD = gnu11;
				GCC_DYNAMIC_NO_PIC = NO;
				GCC_NO_COMMON_BLOCKS = YES;
				GCC_OPTIMIZATION_LEVEL = 0;
				GCC_PREPROCESSOR_DEFINITIONS = (
					"DEBUG=1",
					"$(inherited)",
				);
				GCC_WARN_64_TO_32_BIT_CONVERSION = YES;
				GCC_WARN_ABOUT_RETURN_TYPE = YES_ERROR;
				GCC_WARN_UNDECLARED_SELECTOR = YES;
				GCC_WARN_UNINITIALIZED_AUTOS = YES_AGGRESSIVE;
				GCC_WARN_UNUSED_FUNCTION = YES;
				GCC_WARN_UNUSED_VARIABLE = YES;
				IPHONEOS_DEPLOYMENT_TARGET = 14.4;
				MTL_ENABLE_DEBUG_INFO = INCLUDE_SOURCE;
				MTL_FAST_MATH = YES;
				ONLY_ACTIVE_ARCH = YES;
				SDKROOT = iphoneos;
				SWIFT_ACTIVE_COMPILATION_CONDITIONS = DEBUG;
				SWIFT_OPTIMIZATION_LEVEL = "-Onone";
			};
			name = Debug;
		};
		C79159B926900D7900F06506 /* Release */ = {
			isa = XCBuildConfiguration;
			buildSettings = {
				ALWAYS_SEARCH_USER_PATHS = NO;
				CLANG_ANALYZER_NONNULL = YES;
				CLANG_ANALYZER_NUMBER_OBJECT_CONVERSION = YES_AGGRESSIVE;
				CLANG_CXX_LANGUAGE_STANDARD = "gnu++14";
				CLANG_CXX_LIBRARY = "libc++";
				CLANG_ENABLE_MODULES = YES;
				CLANG_ENABLE_OBJC_ARC = YES;
				CLANG_ENABLE_OBJC_WEAK = YES;
				CLANG_WARN_BLOCK_CAPTURE_AUTORELEASING = YES;
				CLANG_WARN_BOOL_CONVERSION = YES;
				CLANG_WARN_COMMA = YES;
				CLANG_WARN_CONSTANT_CONVERSION = YES;
				CLANG_WARN_DEPRECATED_OBJC_IMPLEMENTATIONS = YES;
				CLANG_WARN_DIRECT_OBJC_ISA_USAGE = YES_ERROR;
				CLANG_WARN_DOCUMENTATION_COMMENTS = YES;
				CLANG_WARN_EMPTY_BODY = YES;
				CLANG_WARN_ENUM_CONVERSION = YES;
				CLANG_WARN_INFINITE_RECURSION = YES;
				CLANG_WARN_INT_CONVERSION = YES;
				CLANG_WARN_NON_LITERAL_NULL_CONVERSION = YES;
				CLANG_WARN_OBJC_IMPLICIT_RETAIN_SELF = YES;
				CLANG_WARN_OBJC_LITERAL_CONVERSION = YES;
				CLANG_WARN_OBJC_ROOT_CLASS = YES_ERROR;
				CLANG_WARN_QUOTED_INCLUDE_IN_FRAMEWORK_HEADER = YES;
				CLANG_WARN_RANGE_LOOP_ANALYSIS = YES;
				CLANG_WARN_STRICT_PROTOTYPES = YES;
				CLANG_WARN_SUSPICIOUS_MOVE = YES;
				CLANG_WARN_UNGUARDED_AVAILABILITY = YES_AGGRESSIVE;
				CLANG_WARN_UNREACHABLE_CODE = YES;
				CLANG_WARN__DUPLICATE_METHOD_MATCH = YES;
				COPY_PHASE_STRIP = NO;
				DEBUG_INFORMATION_FORMAT = "dwarf-with-dsym";
				ENABLE_NS_ASSERTIONS = NO;
				ENABLE_STRICT_OBJC_MSGSEND = YES;
				GCC_C_LANGUAGE_STANDARD = gnu11;
				GCC_NO_COMMON_BLOCKS = YES;
				GCC_WARN_64_TO_32_BIT_CONVERSION = YES;
				GCC_WARN_ABOUT_RETURN_TYPE = YES_ERROR;
				GCC_WARN_UNDECLARED_SELECTOR = YES;
				GCC_WARN_UNINITIALIZED_AUTOS = YES_AGGRESSIVE;
				GCC_WARN_UNUSED_FUNCTION = YES;
				GCC_WARN_UNUSED_VARIABLE = YES;
				IPHONEOS_DEPLOYMENT_TARGET = 14.4;
				MTL_ENABLE_DEBUG_INFO = NO;
				MTL_FAST_MATH = YES;
				SDKROOT = iphoneos;
				SWIFT_COMPILATION_MODE = wholemodule;
				SWIFT_OPTIMIZATION_LEVEL = "-O";
				VALIDATE_PRODUCT = YES;
			};
			name = Release;
		};
		C79159BB26900D7900F06506 /* Debug */ = {
			isa = XCBuildConfiguration;
			baseConfigurationReference = F5E9B6A30A88D982E1123BC4 /* Pods-lindr.debug.xcconfig */;
			buildSettings = {
				ASSETCATALOG_COMPILER_APPICON_NAME = AppIcon;
				ASSETCATALOG_COMPILER_GLOBAL_ACCENT_COLOR_NAME = AccentColor;
				CODE_SIGN_IDENTITY = "Apple Development";
				CODE_SIGN_STYLE = Automatic;
				DEVELOPMENT_TEAM = PYRQTGNF54;
				INFOPLIST_FILE = lindr/App/Info.plist;
				LD_RUNPATH_SEARCH_PATHS = (
					"$(inherited)",
					"@executable_path/Frameworks",
				);
				PRODUCT_BUNDLE_IDENTIFIER = jw.hackathon.lindr;
				PRODUCT_NAME = "$(TARGET_NAME)";
				PROVISIONING_PROFILE_SPECIFIER = "";
				SWIFT_VERSION = 5.0;
				TARGETED_DEVICE_FAMILY = "1,2";
			};
			name = Debug;
		};
		C79159BC26900D7900F06506 /* Release */ = {
			isa = XCBuildConfiguration;
			baseConfigurationReference = 8CE96F4D6B10F5F2E9440C6C /* Pods-lindr.release.xcconfig */;
			buildSettings = {
				ASSETCATALOG_COMPILER_APPICON_NAME = AppIcon;
				ASSETCATALOG_COMPILER_GLOBAL_ACCENT_COLOR_NAME = AccentColor;
				CODE_SIGN_IDENTITY = "Apple Development";
				CODE_SIGN_STYLE = Automatic;
				DEVELOPMENT_TEAM = PYRQTGNF54;
				INFOPLIST_FILE = lindr/App/Info.plist;
				LD_RUNPATH_SEARCH_PATHS = (
					"$(inherited)",
					"@executable_path/Frameworks",
				);
				PRODUCT_BUNDLE_IDENTIFIER = hackathon.lindr;
				PRODUCT_NAME = "$(TARGET_NAME)";
				PROVISIONING_PROFILE_SPECIFIER = "";
				SWIFT_VERSION = 5.0;
				TARGETED_DEVICE_FAMILY = "1,2";
			};
			name = Release;
		};
/* End XCBuildConfiguration section */

/* Begin XCConfigurationList section */
		C79159A126900D7800F06506 /* Build configuration list for PBXProject "lindr" */ = {
			isa = XCConfigurationList;
			buildConfigurations = (
				C79159B826900D7900F06506 /* Debug */,
				C79159B926900D7900F06506 /* Release */,
			);
			defaultConfigurationIsVisible = 0;
			defaultConfigurationName = Release;
		};
		C79159BA26900D7900F06506 /* Build configuration list for PBXNativeTarget "lindr" */ = {
			isa = XCConfigurationList;
			buildConfigurations = (
				C79159BB26900D7900F06506 /* Debug */,
				C79159BC26900D7900F06506 /* Release */,
			);
			defaultConfigurationIsVisible = 0;
			defaultConfigurationName = Release;
		};
/* End XCConfigurationList section */
	};
	rootObject = C791599E26900D7800F06506 /* Project object */;
}
